// !$*UTF8*$!
{
	archiveVersion = 1;
	classes = {
	};
	objectVersion = 56;
	objects = {

/* Begin PBXBuildFile section */
		A22B81772A42251600830C89 /* Modelperritos.swift in Sources */ = {isa = PBXBuildFile; fileRef = A22B81762A42251600830C89 /* Modelperritos.swift */; };
		A23CC0812A4A0FA700533178 /* ConfigView.swift in Sources */ = {isa = PBXBuildFile; fileRef = A23CC0802A4A0FA700533178 /* ConfigView.swift */; };
		A284D1AA2A3A451F00B0A1CD /* WEBOSApp.swift in Sources */ = {isa = PBXBuildFile; fileRef = A284D1A92A3A451F00B0A1CD /* WEBOSApp.swift */; };
		A284D1AC2A3A451F00B0A1CD /* ContentView.swift in Sources */ = {isa = PBXBuildFile; fileRef = A284D1AB2A3A451F00B0A1CD /* ContentView.swift */; };
		A284D1AE2A3A452000B0A1CD /* Assets.xcassets in Resources */ = {isa = PBXBuildFile; fileRef = A284D1AD2A3A452000B0A1CD /* Assets.xcassets */; };
		A284D1B12A3A452000B0A1CD /* Preview Assets.xcassets in Resources */ = {isa = PBXBuildFile; fileRef = A284D1B02A3A452000B0A1CD /* Preview Assets.xcassets */; };
		A284D1BB2A3A452000B0A1CD /* WEBOSTests.swift in Sources */ = {isa = PBXBuildFile; fileRef = A284D1BA2A3A452000B0A1CD /* WEBOSTests.swift */; };
		A284D1C52A3A452000B0A1CD /* WEBOSUITests.swift in Sources */ = {isa = PBXBuildFile; fileRef = A284D1C42A3A452000B0A1CD /* WEBOSUITests.swift */; };
		A284D1C72A3A452000B0A1CD /* WEBOSUITestsLaunchTests.swift in Sources */ = {isa = PBXBuildFile; fileRef = A284D1C62A3A452000B0A1CD /* WEBOSUITestsLaunchTests.swift */; };
		A284D1D42A3A460500B0A1CD /* MainVista.swift in Sources */ = {isa = PBXBuildFile; fileRef = A284D1D32A3A460500B0A1CD /* MainVista.swift */; };
		A284D1D62A3A487E00B0A1CD /* WEBOS.swift in Sources */ = {isa = PBXBuildFile; fileRef = A284D1D52A3A487E00B0A1CD /* WEBOS.swift */; };
		A284D1DA2A3A4D1C00B0A1CD /* Launch Screen.storyboard in Resources */ = {isa = PBXBuildFile; fileRef = A284D1D92A3A4D1C00B0A1CD /* Launch Screen.storyboard */; };
		A29D6E292A43875E001F2FEA /* Config.swift in Sources */ = {isa = PBXBuildFile; fileRef = A29D6E282A43875E001F2FEA /* Config.swift */; };
		A2C2309B2A4228820030D0B9 /* budys.swift in Sources */ = {isa = PBXBuildFile; fileRef = A2C2309A2A4228820030D0B9 /* budys.swift */; };
		A2C2309D2A4235A90030D0B9 /* budysdetail.swift in Sources */ = {isa = PBXBuildFile; fileRef = A2C2309C2A4235A90030D0B9 /* budysdetail.swift */; };
/* End PBXBuildFile section */

/* Begin PBXContainerItemProxy section */
		A284D1B72A3A452000B0A1CD /* PBXContainerItemProxy */ = {
			isa = PBXContainerItemProxy;
			containerPortal = A284D19E2A3A451F00B0A1CD /* Project object */;
			proxyType = 1;
			remoteGlobalIDString = A284D1A52A3A451F00B0A1CD;
			remoteInfo = WEBOS;
		};
		A284D1C12A3A452000B0A1CD /* PBXContainerItemProxy */ = {
			isa = PBXContainerItemProxy;
			containerPortal = A284D19E2A3A451F00B0A1CD /* Project object */;
			proxyType = 1;
			remoteGlobalIDString = A284D1A52A3A451F00B0A1CD;
			remoteInfo = WEBOS;
		};
/* End PBXContainerItemProxy section */

/* Begin PBXFileReference section */
		A22B81762A42251600830C89 /* Modelperritos.swift */ = {isa = PBXFileReference; lastKnownFileType = sourcecode.swift; path = Modelperritos.swift; sourceTree = "<group>"; };
		A23CC0802A4A0FA700533178 /* ConfigView.swift */ = {isa = PBXFileReference; lastKnownFileType = sourcecode.swift; path = ConfigView.swift; sourceTree = "<group>"; };
		A284D1A62A3A451F00B0A1CD /* WEBOS.app */ = {isa = PBXFileReference; explicitFileType = wrapper.application; includeInIndex = 0; path = WEBOS.app; sourceTree = BUILT_PRODUCTS_DIR; };
		A284D1A92A3A451F00B0A1CD /* WEBOSApp.swift */ = {isa = PBXFileReference; lastKnownFileType = sourcecode.swift; path = WEBOSApp.swift; sourceTree = "<group>"; };
		A284D1AB2A3A451F00B0A1CD /* ContentView.swift */ = {isa = PBXFileReference; lastKnownFileType = sourcecode.swift; path = ContentView.swift; sourceTree = "<group>"; };
		A284D1AD2A3A452000B0A1CD /* Assets.xcassets */ = {isa = PBXFileReference; lastKnownFileType = folder.assetcatalog; path = Assets.xcassets; sourceTree = "<group>"; };
		A284D1B02A3A452000B0A1CD /* Preview Assets.xcassets */ = {isa = PBXFileReference; lastKnownFileType = folder.assetcatalog; path = "Preview Assets.xcassets"; sourceTree = "<group>"; };
		A284D1B62A3A452000B0A1CD /* WEBOSTests.xctest */ = {isa = PBXFileReference; explicitFileType = wrapper.cfbundle; includeInIndex = 0; path = WEBOSTests.xctest; sourceTree = BUILT_PRODUCTS_DIR; };
		A284D1BA2A3A452000B0A1CD /* WEBOSTests.swift */ = {isa = PBXFileReference; lastKnownFileType = sourcecode.swift; path = WEBOSTests.swift; sourceTree = "<group>"; };
		A284D1C02A3A452000B0A1CD /* WEBOSUITests.xctest */ = {isa = PBXFileReference; explicitFileType = wrapper.cfbundle; includeInIndex = 0; path = WEBOSUITests.xctest; sourceTree = BUILT_PRODUCTS_DIR; };
		A284D1C42A3A452000B0A1CD /* WEBOSUITests.swift */ = {isa = PBXFileReference; lastKnownFileType = sourcecode.swift; path = WEBOSUITests.swift; sourceTree = "<group>"; };
		A284D1C62A3A452000B0A1CD /* WEBOSUITestsLaunchTests.swift */ = {isa = PBXFileReference; lastKnownFileType = sourcecode.swift; path = WEBOSUITestsLaunchTests.swift; sourceTree = "<group>"; };
		A284D1D32A3A460500B0A1CD /* MainVista.swift */ = {isa = PBXFileReference; lastKnownFileType = sourcecode.swift; path = MainVista.swift; sourceTree = "<group>"; };
		A284D1D52A3A487E00B0A1CD /* WEBOS.swift */ = {isa = PBXFileReference; lastKnownFileType = sourcecode.swift; path = WEBOS.swift; sourceTree = "<group>"; };
		A284D1D92A3A4D1C00B0A1CD /* Launch Screen.storyboard */ = {isa = PBXFileReference; lastKnownFileType = file.storyboard; path = "Launch Screen.storyboard"; sourceTree = "<group>"; };
		A29D6E282A43875E001F2FEA /* Config.swift */ = {isa = PBXFileReference; lastKnownFileType = sourcecode.swift; path = Config.swift; sourceTree = "<group>"; };
		A2C2309A2A4228820030D0B9 /* budys.swift */ = {isa = PBXFileReference; lastKnownFileType = sourcecode.swift; path = budys.swift; sourceTree = "<group>"; };
		A2C2309C2A4235A90030D0B9 /* budysdetail.swift */ = {isa = PBXFileReference; lastKnownFileType = sourcecode.swift; path = budysdetail.swift; sourceTree = "<group>"; };
/* End PBXFileReference section */

/* Begin PBXFrameworksBuildPhase section */
		A284D1A32A3A451F00B0A1CD /* Frameworks */ = {
			isa = PBXFrameworksBuildPhase;
			buildActionMask = 2147483647;
			files = (
			);
			runOnlyForDeploymentPostprocessing = 0;
		};
		A284D1B32A3A452000B0A1CD /* Frameworks */ = {
			isa = PBXFrameworksBuildPhase;
			buildActionMask = 2147483647;
			files = (
			);
			runOnlyForDeploymentPostprocessing = 0;
		};
		A284D1BD2A3A452000B0A1CD /* Frameworks */ = {
			isa = PBXFrameworksBuildPhase;
			buildActionMask = 2147483647;
			files = (
			);
			runOnlyForDeploymentPostprocessing = 0;
		};
/* End PBXFrameworksBuildPhase section */

/* Begin PBXGroup section */
		A284D19D2A3A451F00B0A1CD = {
			isa = PBXGroup;
			children = (
				A284D1A82A3A451F00B0A1CD /* WEBOS */,
				A284D1B92A3A452000B0A1CD /* WEBOSTests */,
				A284D1C32A3A452000B0A1CD /* WEBOSUITests */,
				A284D1A72A3A451F00B0A1CD /* Products */,
			);
			sourceTree = "<group>";
		};
		A284D1A72A3A451F00B0A1CD /* Products */ = {
			isa = PBXGroup;
			children = (
				A284D1A62A3A451F00B0A1CD /* WEBOS.app */,
				A284D1B62A3A452000B0A1CD /* WEBOSTests.xctest */,
				A284D1C02A3A452000B0A1CD /* WEBOSUITests.xctest */,
			);
			name = Products;
			sourceTree = "<group>";
		};
		A284D1A82A3A451F00B0A1CD /* WEBOS */ = {
			isa = PBXGroup;
			children = (
				A284D1A92A3A451F00B0A1CD /* WEBOSApp.swift */,
				A284D1D92A3A4D1C00B0A1CD /* Launch Screen.storyboard */,
				A284D1AB2A3A451F00B0A1CD /* ContentView.swift */,
				A284D1D32A3A460500B0A1CD /* MainVista.swift */,
				A29D6E282A43875E001F2FEA /* Config.swift */,
				A284D1D52A3A487E00B0A1CD /* WEBOS.swift */,
				A2C2309A2A4228820030D0B9 /* budys.swift */,
				A22B81762A42251600830C89 /* Modelperritos.swift */,
				A2C2309C2A4235A90030D0B9 /* budysdetail.swift */,
				A23CC0802A4A0FA700533178 /* ConfigView.swift */,
				A284D1AD2A3A452000B0A1CD /* Assets.xcassets */,
				A284D1AF2A3A452000B0A1CD /* Preview Content */,
			);
			path = WEBOS;
			sourceTree = "<group>";
		};
		A284D1AF2A3A452000B0A1CD /* Preview Content */ = {
			isa = PBXGroup;
			children = (
				A284D1B02A3A452000B0A1CD /* Preview Assets.xcassets */,
			);
			path = "Preview Content";
			sourceTree = "<group>";
		};
		A284D1B92A3A452000B0A1CD /* WEBOSTests */ = {
			isa = PBXGroup;
			children = (
				A284D1BA2A3A452000B0A1CD /* WEBOSTests.swift */,
			);
			path = WEBOSTests;
			sourceTree = "<group>";
		};
		A284D1C32A3A452000B0A1CD /* WEBOSUITests */ = {
			isa = PBXGroup;
			children = (
				A284D1C42A3A452000B0A1CD /* WEBOSUITests.swift */,
				A284D1C62A3A452000B0A1CD /* WEBOSUITestsLaunchTests.swift */,
			);
			path = WEBOSUITests;
			sourceTree = "<group>";
		};
/* End PBXGroup section */

/* Begin PBXNativeTarget section */
		A284D1A52A3A451F00B0A1CD /* WEBOS */ = {
			isa = PBXNativeTarget;
			buildConfigurationList = A284D1CA2A3A452000B0A1CD /* Build configuration list for PBXNativeTarget "WEBOS" */;
			buildPhases = (
				A284D1A22A3A451F00B0A1CD /* Sources */,
				A284D1A32A3A451F00B0A1CD /* Frameworks */,
				A284D1A42A3A451F00B0A1CD /* Resources */,
			);
			buildRules = (
			);
			dependencies = (
			);
			name = WEBOS;
			productName = WEBOS;
			productReference = A284D1A62A3A451F00B0A1CD /* WEBOS.app */;
			productType = "com.apple.product-type.application";
		};
		A284D1B52A3A452000B0A1CD /* WEBOSTests */ = {
			isa = PBXNativeTarget;
			buildConfigurationList = A284D1CD2A3A452000B0A1CD /* Build configuration list for PBXNativeTarget "WEBOSTests" */;
			buildPhases = (
				A284D1B22A3A452000B0A1CD /* Sources */,
				A284D1B32A3A452000B0A1CD /* Frameworks */,
				A284D1B42A3A452000B0A1CD /* Resources */,
			);
			buildRules = (
			);
			dependencies = (
				A284D1B82A3A452000B0A1CD /* PBXTargetDependency */,
			);
			name = WEBOSTests;
			productName = WEBOSTests;
			productReference = A284D1B62A3A452000B0A1CD /* WEBOSTests.xctest */;
			productType = "com.apple.product-type.bundle.unit-test";
		};
		A284D1BF2A3A452000B0A1CD /* WEBOSUITests */ = {
			isa = PBXNativeTarget;
			buildConfigurationList = A284D1D02A3A452000B0A1CD /* Build configuration list for PBXNativeTarget "WEBOSUITests" */;
			buildPhases = (
				A284D1BC2A3A452000B0A1CD /* Sources */,
				A284D1BD2A3A452000B0A1CD /* Frameworks */,
				A284D1BE2A3A452000B0A1CD /* Resources */,
			);
			buildRules = (
			);
			dependencies = (
				A284D1C22A3A452000B0A1CD /* PBXTargetDependency */,
			);
			name = WEBOSUITests;
			productName = WEBOSUITests;
			productReference = A284D1C02A3A452000B0A1CD /* WEBOSUITests.xctest */;
			productType = "com.apple.product-type.bundle.ui-testing";
		};
/* End PBXNativeTarget section */

/* Begin PBXProject section */
		A284D19E2A3A451F00B0A1CD /* Project object */ = {
			isa = PBXProject;
			attributes = {
				BuildIndependentTargetsInParallel = 1;
				LastSwiftUpdateCheck = 1430;
				LastUpgradeCheck = 1430;
				TargetAttributes = {
					A284D1A52A3A451F00B0A1CD = {
						CreatedOnToolsVersion = 14.3.1;
					};
					A284D1B52A3A452000B0A1CD = {
						CreatedOnToolsVersion = 14.3.1;
						TestTargetID = A284D1A52A3A451F00B0A1CD;
					};
					A284D1BF2A3A452000B0A1CD = {
						CreatedOnToolsVersion = 14.3.1;
						TestTargetID = A284D1A52A3A451F00B0A1CD;
					};
				};
			};
			buildConfigurationList = A284D1A12A3A451F00B0A1CD /* Build configuration list for PBXProject "WEBOS" */;
			compatibilityVersion = "Xcode 14.0";
			developmentRegion = en;
			hasScannedForEncodings = 0;
			knownRegions = (
				en,
				Base,
			);
			mainGroup = A284D19D2A3A451F00B0A1CD;
			productRefGroup = A284D1A72A3A451F00B0A1CD /* Products */;
			projectDirPath = "";
			projectRoot = "";
			targets = (
				A284D1A52A3A451F00B0A1CD /* WEBOS */,
				A284D1B52A3A452000B0A1CD /* WEBOSTests */,
				A284D1BF2A3A452000B0A1CD /* WEBOSUITests */,
			);
		};
/* End PBXProject section */

/* Begin PBXResourcesBuildPhase section */
		A284D1A42A3A451F00B0A1CD /* Resources */ = {
			isa = PBXResourcesBuildPhase;
			buildActionMask = 2147483647;
			files = (
				A284D1DA2A3A4D1C00B0A1CD /* Launch Screen.storyboard in Resources */,
				A284D1B12A3A452000B0A1CD /* Preview Assets.xcassets in Resources */,
				A284D1AE2A3A452000B0A1CD /* Assets.xcassets in Resources */,
			);
			runOnlyForDeploymentPostprocessing = 0;
		};
		A284D1B42A3A452000B0A1CD /* Resources */ = {
			isa = PBXResourcesBuildPhase;
			buildActionMask = 2147483647;
			files = (
			);
			runOnlyForDeploymentPostprocessing = 0;
		};
		A284D1BE2A3A452000B0A1CD /* Resources */ = {
			isa = PBXResourcesBuildPhase;
			buildActionMask = 2147483647;
			files = (
			);
			runOnlyForDeploymentPostprocessing = 0;
		};
/* End PBXResourcesBuildPhase section */

/* Begin PBXSourcesBuildPhase section */
		A284D1A22A3A451F00B0A1CD /* Sources */ = {
			isa = PBXSourcesBuildPhase;
			buildActionMask = 2147483647;
			files = (
				A2C2309B2A4228820030D0B9 /* budys.swift in Sources */,
				A284D1AC2A3A451F00B0A1CD /* ContentView.swift in Sources */,
				A284D1D42A3A460500B0A1CD /* MainVista.swift in Sources */,
				A23CC0812A4A0FA700533178 /* ConfigView.swift in Sources */,
				A22B81772A42251600830C89 /* Modelperritos.swift in Sources */,
				A284D1D62A3A487E00B0A1CD /* WEBOS.swift in Sources */,
				A29D6E292A43875E001F2FEA /* Config.swift in Sources */,
				A2C2309D2A4235A90030D0B9 /* budysdetail.swift in Sources */,
				A284D1AA2A3A451F00B0A1CD /* WEBOSApp.swift in Sources */,
			);
			runOnlyForDeploymentPostprocessing = 0;
		};
		A284D1B22A3A452000B0A1CD /* Sources */ = {
			isa = PBXSourcesBuildPhase;
			buildActionMask = 2147483647;
			files = (
				A284D1BB2A3A452000B0A1CD /* WEBOSTests.swift in Sources */,
			);
			runOnlyForDeploymentPostprocessing = 0;
		};
		A284D1BC2A3A452000B0A1CD /* Sources */ = {
			isa = PBXSourcesBuildPhase;
			buildActionMask = 2147483647;
			files = (
				A284D1C52A3A452000B0A1CD /* WEBOSUITests.swift in Sources */,
				A284D1C72A3A452000B0A1CD /* WEBOSUITestsLaunchTests.swift in Sources */,
			);
			runOnlyForDeploymentPostprocessing = 0;
		};
/* End PBXSourcesBuildPhase section */

/* Begin PBXTargetDependency section */
		A284D1B82A3A452000B0A1CD /* PBXTargetDependency */ = {
			isa = PBXTargetDependency;
			target = A284D1A52A3A451F00B0A1CD /* WEBOS */;
			targetProxy = A284D1B72A3A452000B0A1CD /* PBXContainerItemProxy */;
		};
		A284D1C22A3A452000B0A1CD /* PBXTargetDependency */ = {
			isa = PBXTargetDependency;
			target = A284D1A52A3A451F00B0A1CD /* WEBOS */;
			targetProxy = A284D1C12A3A452000B0A1CD /* PBXContainerItemProxy */;
		};
/* End PBXTargetDependency section */

/* Begin XCBuildConfiguration section */
		A284D1C82A3A452000B0A1CD /* Debug */ = {
			isa = XCBuildConfiguration;
			buildSettings = {
				ALWAYS_SEARCH_USER_PATHS = NO;
				CLANG_ANALYZER_NONNULL = YES;
				CLANG_ANALYZER_NUMBER_OBJECT_CONVERSION = YES_AGGRESSIVE;
				CLANG_CXX_LANGUAGE_STANDARD = "gnu++20";
				CLANG_ENABLE_MODULES = YES;
				CLANG_ENABLE_OBJC_ARC = YES;
				CLANG_ENABLE_OBJC_WEAK = YES;
				CLANG_WARN_BLOCK_CAPTURE_AUTORELEASING = YES;
				CLANG_WARN_BOOL_CONVERSION = YES;
				CLANG_WARN_COMMA = YES;
				CLANG_WARN_CONSTANT_CONVERSION = YES;
				CLANG_WARN_DEPRECATED_OBJC_IMPLEMENTATIONS = YES;
				CLANG_WARN_DIRECT_OBJC_ISA_USAGE = YES_ERROR;
				CLANG_WARN_DOCUMENTATION_COMMENTS = YES;
				CLANG_WARN_EMPTY_BODY = YES;
				CLANG_WARN_ENUM_CONVERSION = YES;
				CLANG_WARN_INFINITE_RECURSION = YES;
				CLANG_WARN_INT_CONVERSION = YES;
				CLANG_WARN_NON_LITERAL_NULL_CONVERSION = YES;
				CLANG_WARN_OBJC_IMPLICIT_RETAIN_SELF = YES;
				CLANG_WARN_OBJC_LITERAL_CONVERSION = YES;
				CLANG_WARN_OBJC_ROOT_CLASS = YES_ERROR;
				CLANG_WARN_QUOTED_INCLUDE_IN_FRAMEWORK_HEADER = YES;
				CLANG_WARN_RANGE_LOOP_ANALYSIS = YES;
				CLANG_WARN_STRICT_PROTOTYPES = YES;
				CLANG_WARN_SUSPICIOUS_MOVE = YES;
				CLANG_WARN_UNGUARDED_AVAILABILITY = YES_AGGRESSIVE;
				CLANG_WARN_UNREACHABLE_CODE = YES;
				CLANG_WARN__DUPLICATE_METHOD_MATCH = YES;
				COPY_PHASE_STRIP = NO;
				DEBUG_INFORMATION_FORMAT = dwarf;
				ENABLE_STRICT_OBJC_MSGSEND = YES;
				ENABLE_TESTABILITY = YES;
				GCC_C_LANGUAGE_STANDARD = gnu11;
				GCC_DYNAMIC_NO_PIC = NO;
				GCC_NO_COMMON_BLOCKS = YES;
				GCC_OPTIMIZATION_LEVEL = 0;
				GCC_PREPROCESSOR_DEFINITIONS = (
					"DEBUG=1",
					"$(inherited)",
				);
				GCC_WARN_64_TO_32_BIT_CONVERSION = YES;
				GCC_WARN_ABOUT_RETURN_TYPE = YES_ERROR;
				GCC_WARN_UNDECLARED_SELECTOR = YES;
				GCC_WARN_UNINITIALIZED_AUTOS = YES_AGGRESSIVE;
				GCC_WARN_UNUSED_FUNCTION = YES;
				GCC_WARN_UNUSED_VARIABLE = YES;
				IPHONEOS_DEPLOYMENT_TARGET = 16.4;
				MTL_ENABLE_DEBUG_INFO = INCLUDE_SOURCE;
				MTL_FAST_MATH = YES;
				ONLY_ACTIVE_ARCH = YES;
				SDKROOT = iphoneos;
				SWIFT_ACTIVE_COMPILATION_CONDITIONS = DEBUG;
				SWIFT_OPTIMIZATION_LEVEL = "-Onone";
			};
			name = Debug;
		};
		A284D1C92A3A452000B0A1CD /* Release */ = {
			isa = XCBuildConfiguration;
			buildSettings = {
				ALWAYS_SEARCH_USER_PATHS = NO;
				CLANG_ANALYZER_NONNULL = YES;
				CLANG_ANALYZER_NUMBER_OBJECT_CONVERSION = YES_AGGRESSIVE;
				CLANG_CXX_LANGUAGE_STANDARD = "gnu++20";
				CLANG_ENABLE_MODULES = YES;
				CLANG_ENABLE_OBJC_ARC = YES;
				CLANG_ENABLE_OBJC_WEAK = YES;
				CLANG_WARN_BLOCK_CAPTURE_AUTORELEASING = YES;
				CLANG_WARN_BOOL_CONVERSION = YES;
				CLANG_WARN_COMMA = YES;
				CLANG_WARN_CONSTANT_CONVERSION = YES;
				CLANG_WARN_DEPRECATED_OBJC_IMPLEMENTATIONS = YES;
				CLANG_WARN_DIRECT_OBJC_ISA_USAGE = YES_ERROR;
				CLANG_WARN_DOCUMENTATION_COMMENTS = YES;
				CLANG_WARN_EMPTY_BODY = YES;
				CLANG_WARN_ENUM_CONVERSION = YES;
				CLANG_WARN_INFINITE_RECURSION = YES;
				CLANG_WARN_INT_CONVERSION = YES;
				CLANG_WARN_NON_LITERAL_NULL_CONVERSION = YES;
				CLANG_WARN_OBJC_IMPLICIT_RETAIN_SELF = YES;
				CLANG_WARN_OBJC_LITERAL_CONVERSION = YES;
				CLANG_WARN_OBJC_ROOT_CLASS = YES_ERROR;
				CLANG_WARN_QUOTED_INCLUDE_IN_FRAMEWORK_HEADER = YES;
				CLANG_WARN_RANGE_LOOP_ANALYSIS = YES;
				CLANG_WARN_STRICT_PROTOTYPES = YES;
				CLANG_WARN_SUSPICIOUS_MOVE = YES;
				CLANG_WARN_UNGUARDED_AVAILABILITY = YES_AGGRESSIVE;
				CLANG_WARN_UNREACHABLE_CODE = YES;
				CLANG_WARN__DUPLICATE_METHOD_MATCH = YES;
				COPY_PHASE_STRIP = NO;
				DEBUG_INFORMATION_FORMAT = "dwarf-with-dsym";
				ENABLE_NS_ASSERTIONS = NO;
				ENABLE_STRICT_OBJC_MSGSEND = YES;
				GCC_C_LANGUAGE_STANDARD = gnu11;
				GCC_NO_COMMON_BLOCKS = YES;
				GCC_WARN_64_TO_32_BIT_CONVERSION = YES;
				GCC_WARN_ABOUT_RETURN_TYPE = YES_ERROR;
				GCC_WARN_UNDECLARED_SELECTOR = YES;
				GCC_WARN_UNINITIALIZED_AUTOS = YES_AGGRESSIVE;
				GCC_WARN_UNUSED_FUNCTION = YES;
				GCC_WARN_UNUSED_VARIABLE = YES;
				IPHONEOS_DEPLOYMENT_TARGET = 16.4;
				MTL_ENABLE_DEBUG_INFO = NO;
				MTL_FAST_MATH = YES;
				SDKROOT = iphoneos;
				SWIFT_COMPILATION_MODE = wholemodule;
				SWIFT_OPTIMIZATION_LEVEL = "-O";
				VALIDATE_PRODUCT = YES;
			};
			name = Release;
		};
		A284D1CB2A3A452000B0A1CD /* Debug */ = {
			isa = XCBuildConfiguration;
			buildSettings = {
				ASSETCATALOG_COMPILER_APPICON_NAME = AppIcon;
				ASSETCATALOG_COMPILER_GLOBAL_ACCENT_COLOR_NAME = AccentColor;
				CODE_SIGN_STYLE = Automatic;
				CURRENT_PROJECT_VERSION = 1;
				DEVELOPMENT_ASSET_PATHS = "\"WEBOS/Preview Content\"";
				ENABLE_PREVIEWS = YES;
				GENERATE_INFOPLIST_FILE = YES;
				INFOPLIST_KEY_UIApplicationSceneManifest_Generation = YES;
				INFOPLIST_KEY_UIApplicationSupportsIndirectInputEvents = YES;
				INFOPLIST_KEY_UILaunchScreen_Generation = YES;
				INFOPLIST_KEY_UILaunchStoryboardName = "Launch Screen.storyboard";
				INFOPLIST_KEY_UISupportedInterfaceOrientations_iPad = "UIInterfaceOrientationPortrait UIInterfaceOrientationPortraitUpsideDown UIInterfaceOrientationLandscapeLeft UIInterfaceOrientationLandscapeRight";
				INFOPLIST_KEY_UISupportedInterfaceOrientations_iPhone = "UIInterfaceOrientationPortrait UIInterfaceOrientationLandscapeLeft UIInterfaceOrientationLandscapeRight";
				LD_RUNPATH_SEARCH_PATHS = (
					"$(inherited)",
					"@executable_path/Frameworks",
				);
				MARKETING_VERSION = 1.0;
				PRODUCT_BUNDLE_IDENTIFIER = fca.WEBOS;
				PRODUCT_NAME = "$(TARGET_NAME)";
				SWIFT_EMIT_LOC_STRINGS = YES;
				SWIFT_VERSION = 5.0;
				TARGETED_DEVICE_FAMILY = "1,2";
			};
			name = Debug;
		};
		A284D1CC2A3A452000B0A1CD /* Release */ = {
			isa = XCBuildConfiguration;
			buildSettings = {
				ASSETCATALOG_COMPILER_APPICON_NAME = AppIcon;
				ASSETCATALOG_COMPILER_GLOBAL_ACCENT_COLOR_NAME = AccentColor;
				CODE_SIGN_STYLE = Automatic;
				CURRENT_PROJECT_VERSION = 1;
				DEVELOPMENT_ASSET_PATHS = "\"WEBOS/Preview Content\"";
				ENABLE_PREVIEWS = YES;
				GENERATE_INFOPLIST_FILE = YES;
				INFOPLIST_KEY_UIApplicationSceneManifest_Generation = YES;
				INFOPLIST_KEY_UIApplicationSupportsIndirectInputEvents = YES;
				INFOPLIST_KEY_UILaunchScreen_Generation = YES;
				INFOPLIST_KEY_UILaunchStoryboardName = "Launch Screen.storyboard";
				INFOPLIST_KEY_UISupportedInterfaceOrientations_iPad = "UIInterfaceOrientationPortrait UIInterfaceOrientationPortraitUpsideDown UIInterfaceOrientationLandscapeLeft UIInterfaceOrientationLandscapeRight";
				INFOPLIST_KEY_UISupportedInterfaceOrientations_iPhone = "UIInterfaceOrientationPortrait UIInterfaceOrientationLandscapeLeft UIInterfaceOrientationLandscapeRight";
				LD_RUNPATH_SEARCH_PATHS = (
					"$(inherited)",
					"@executable_path/Frameworks",
				);
				MARKETING_VERSION = 1.0;
				PRODUCT_BUNDLE_IDENTIFIER = fca.WEBOS;
				PRODUCT_NAME = "$(TARGET_NAME)";
				SWIFT_EMIT_LOC_STRINGS = YES;
				SWIFT_VERSION = 5.0;
				TARGETED_DEVICE_FAMILY = "1,2";
			};
			name = Release;
		};
		A284D1CE2A3A452000B0A1CD /* Debug */ = {
			isa = XCBuildConfiguration;
			buildSettings = {
				ALWAYS_EMBED_SWIFT_STANDARD_LIBRARIES = YES;
				BUNDLE_LOADER = "$(TEST_HOST)";
				CODE_SIGN_STYLE = Automatic;
				CURRENT_PROJECT_VERSION = 1;
				GENERATE_INFOPLIST_FILE = YES;
				IPHONEOS_DEPLOYMENT_TARGET = 16.4;
				MARKETING_VERSION = 1.0;
				PRODUCT_BUNDLE_IDENTIFIER = fca.WEBOSTests;
				PRODUCT_NAME = "$(TARGET_NAME)";
				SWIFT_EMIT_LOC_STRINGS = NO;
				SWIFT_VERSION = 5.0;
				TARGETED_DEVICE_FAMILY = "1,2";
				TEST_HOST = "$(BUILT_PRODUCTS_DIR)/WEBOS.app/$(BUNDLE_EXECUTABLE_FOLDER_PATH)/WEBOS";
			};
			name = Debug;
		};
		A284D1CF2A3A452000B0A1CD /* Release */ = {
			isa = XCBuildConfiguration;
			buildSettings = {
				ALWAYS_EMBED_SWIFT_STANDARD_LIBRARIES = YES;
				BUNDLE_LOADER = "$(TEST_HOST)";
				CODE_SIGN_STYLE = Automatic;
				CURRENT_PROJECT_VERSION = 1;
				GENERATE_INFOPLIST_FILE = YES;
				IPHONEOS_DEPLOYMENT_TARGET = 16.4;
				MARKETING_VERSION = 1.0;
				PRODUCT_BUNDLE_IDENTIFIER = fca.WEBOSTests;
				PRODUCT_NAME = "$(TARGET_NAME)";
				SWIFT_EMIT_LOC_STRINGS = NO;
				SWIFT_VERSION = 5.0;
				TARGETED_DEVICE_FAMILY = "1,2";
				TEST_HOST = "$(BUILT_PRODUCTS_DIR)/WEBOS.app/$(BUNDLE_EXECUTABLE_FOLDER_PATH)/WEBOS";
			};
			name = Release;
		};
		A284D1D12A3A452000B0A1CD /* Debug */ = {
			isa = XCBuildConfiguration;
			buildSettings = {
				ALWAYS_EMBED_SWIFT_STANDARD_LIBRARIES = YES;
				CODE_SIGN_STYLE = Automatic;
				CURRENT_PROJECT_VERSION = 1;
				GENERATE_INFOPLIST_FILE = YES;
				MARKETING_VERSION = 1.0;
				PRODUCT_BUNDLE_IDENTIFIER = fca.WEBOSUITests;
				PRODUCT_NAME = "$(TARGET_NAME)";
				SWIFT_EMIT_LOC_STRINGS = NO;
				SWIFT_VERSION = 5.0;
				TARGETED_DEVICE_FAMILY = "1,2";
				TEST_TARGET_NAME = WEBOS;
			};
			name = Debug;
		};
		A284D1D22A3A452000B0A1CD /* Release */ = {
			isa = XCBuildConfiguration;
			buildSettings = {
				ALWAYS_EMBED_SWIFT_STANDARD_LIBRARIES = YES;
				CODE_SIGN_STYLE = Automatic;
				CURRENT_PROJECT_VERSION = 1;
				GENERATE_INFOPLIST_FILE = YES;
				MARKETING_VERSION = 1.0;
				PRODUCT_BUNDLE_IDENTIFIER = fca.WEBOSUITests;
				PRODUCT_NAME = "$(TARGET_NAME)";
				SWIFT_EMIT_LOC_STRINGS = NO;
				SWIFT_VERSION = 5.0;
				TARGETED_DEVICE_FAMILY = "1,2";
				TEST_TARGET_NAME = WEBOS;
			};
			name = Release;
		};
/* End XCBuildConfiguration section */

/* Begin XCConfigurationList section */
		A284D1A12A3A451F00B0A1CD /* Build configuration list for PBXProject "WEBOS" */ = {
			isa = XCConfigurationList;
			buildConfigurations = (
				A284D1C82A3A452000B0A1CD /* Debug */,
				A284D1C92A3A452000B0A1CD /* Release */,
			);
			defaultConfigurationIsVisible = 0;
			defaultConfigurationName = Release;
		};
		A284D1CA2A3A452000B0A1CD /* Build configuration list for PBXNativeTarget "WEBOS" */ = {
			isa = XCConfigurationList;
			buildConfigurations = (
				A284D1CB2A3A452000B0A1CD /* Debug */,
				A284D1CC2A3A452000B0A1CD /* Release */,
			);
			defaultConfigurationIsVisible = 0;
			defaultConfigurationName = Release;
		};
		A284D1CD2A3A452000B0A1CD /* Build configuration list for PBXNativeTarget "WEBOSTests" */ = {
			isa = XCConfigurationList;
			buildConfigurations = (
				A284D1CE2A3A452000B0A1CD /* Debug */,
				A284D1CF2A3A452000B0A1CD /* Release */,
			);
			defaultConfigurationIsVisible = 0;
			defaultConfigurationName = Release;
		};
		A284D1D02A3A452000B0A1CD /* Build configuration list for PBXNativeTarget "WEBOSUITests" */ = {
			isa = XCConfigurationList;
			buildConfigurations = (
				A284D1D12A3A452000B0A1CD /* Debug */,
				A284D1D22A3A452000B0A1CD /* Release */,
			);
			defaultConfigurationIsVisible = 0;
			defaultConfigurationName = Release;
		};
/* End XCConfigurationList section */
	};
	rootObject = A284D19E2A3A451F00B0A1CD /* Project object */;
}
